
Microsoft Visual Studio Solution File, Format Version 12.00
# Visual Studio Version 16
VisualStudioVersion = 16.0.31019.194
MinimumVisualStudioVersion = 10.0.40219.1
Project("{D954291E-2A0B-460D-934E-DC6B0785DB48}") = "App2.Shared", "App2.Shared\App2.Shared.shproj", "{6279C845-92F8-4333-AB99-3D213163593C}"
EndProject
Project("{2150E333-8FDC-42A3-9474-1A3956D46DE8}") = "Platforms", "Platforms", "{FC32D6C2-7A78-4327-8FA9-502A6E7309A4}"
EndProject
Project("{FAE04EC0-301F-11D3-BF4B-00C04F79EFBC}") = "App2.Droid", "App2.Droid\App2.Droid.csproj", "{51FE2C84-E50A-44F2-9F09-A28211FCD4DB}"
EndProject
Project("{FAE04EC0-301F-11D3-BF4B-00C04F79EFBC}") = "App2.iOS", "App2.iOS\App2.iOS.csproj", "{4A84565C-60C6-43EF-82DC-41379A116722}"
EndProject
Project("{FAE04EC0-301F-11D3-BF4B-00C04F79EFBC}") = "App2.UWP", "App2.UWP\App2.UWP.csproj", "{5662D15C-E2F6-415C-B182-17332951613B}"
EndProject
Project("{FAE04EC0-301F-11D3-BF4B-00C04F79EFBC}") = "App2.Wasm", "App2.Wasm\App2.Wasm.csproj", "{843B0465-E285-421D-A554-5CA31A00F41D}"
EndProject
Project("{FAE04EC0-301F-11D3-BF4B-00C04F79EFBC}") = "App2.macOS", "App2.macOS\App2.macOS.csproj", "{8FDC492F-E693-4374-8463-25BC86527D0F}"
EndProject
Project("{FAE04EC0-301F-11D3-BF4B-00C04F79EFBC}") = "App2.Skia.Wpf.Host", "App2.Skia.Wpf.Host\App2.Skia.Wpf.Host.csproj", "{D0E5374B-CD12-4603-A8F7-6AA50FCA67ED}"
EndProject
Project("{FAE04EC0-301F-11D3-BF4B-00C04F79EFBC}") = "App2.Skia.Wpf", "App2.Skia.Wpf\App2.Skia.Wpf.csproj", "{379F2C1B-E893-45DE-8EAA-2F721870269A}"
EndProject
Project("{FAE04EC0-301F-11D3-BF4B-00C04F79EFBC}") = "App2.Skia.Gtk", "App2.Skia.Gtk\App2.Skia.Gtk.csproj", "{85A51CAE-4067-4842-B718-4503CB88B72D}"
EndProject
Project("{FAE04EC0-301F-11D3-BF4B-00C04F79EFBC}") = "App2.Skia.Tizen", "App2.Skia.Tizen\App2.Skia.Tizen.csproj", "{11AC4F61-C98A-4E20-9E15-F789A5637C6D}"
EndProject
Global
	GlobalSection(SharedMSBuildProjectFiles) = preSolution
		App2.Shared\App2.Shared.projitems*{11ac4f61-c98a-4e20-9e15-f789a5637c6d}*SharedItemsImports = 5
		App2.Shared\App2.Shared.projitems*{379f2c1b-e893-45de-8eaa-2f721870269a}*SharedItemsImports = 5
		App2.Shared\App2.Shared.projitems*{4a84565c-60c6-43ef-82dc-41379a116722}*SharedItemsImports = 4
		App2.Shared\App2.Shared.projitems*{51fe2c84-e50a-44f2-9f09-a28211fcd4db}*SharedItemsImports = 4
		App2.Shared\App2.Shared.projitems*{5662d15c-e2f6-415c-b182-17332951613b}*SharedItemsImports = 4
		App2.Shared\App2.Shared.projitems*{6279c845-92f8-4333-ab99-3d213163593c}*SharedItemsImports = 13
		App2.Shared\App2.Shared.projitems*{843b0465-e285-421d-a554-5ca31a00f41d}*SharedItemsImports = 5
		App2.Shared\App2.Shared.projitems*{85a51cae-4067-4842-b718-4503cb88b72d}*SharedItemsImports = 5
		App2.Shared\App2.Shared.projitems*{8fdc492f-e693-4374-8463-25bc86527d0f}*SharedItemsImports = 4
	EndGlobalSection
	GlobalSection(SolutionConfigurationPlatforms) = preSolution
		Ad-Hoc|Any CPU = Ad-Hoc|Any CPU
		Ad-Hoc|ARM = Ad-Hoc|ARM
		Ad-Hoc|ARM64 = Ad-Hoc|ARM64
		Ad-Hoc|iPhone = Ad-Hoc|iPhone
		Ad-Hoc|iPhoneSimulator = Ad-Hoc|iPhoneSimulator
		Ad-Hoc|x64 = Ad-Hoc|x64
		Ad-Hoc|x86 = Ad-Hoc|x86
		AppStore|Any CPU = AppStore|Any CPU
		AppStore|ARM = AppStore|ARM
		AppStore|ARM64 = AppStore|ARM64
		AppStore|iPhone = AppStore|iPhone
		AppStore|iPhoneSimulator = AppStore|iPhoneSimulator
		AppStore|x64 = AppStore|x64
		AppStore|x86 = AppStore|x86
		Debug|Any CPU = Debug|Any CPU
		Debug|ARM = Debug|ARM
		Debug|ARM64 = Debug|ARM64
		Debug|iPhone = Debug|iPhone
		Debug|iPhoneSimulator = Debug|iPhoneSimulator
		Debug|x64 = Debug|x64
		Debug|x86 = Debug|x86
		Release|Any CPU = Release|Any CPU
		Release|ARM = Release|ARM
		Release|ARM64 = Release|ARM64
		Release|iPhone = Release|iPhone
		Release|iPhoneSimulator = Release|iPhoneSimulator
		Release|x64 = Release|x64
		Release|x86 = Release|x86
	EndGlobalSection
	GlobalSection(ProjectConfigurationPlatforms) = postSolution
		{51FE2C84-E50A-44F2-9F09-A28211FCD4DB}.Ad-Hoc|Any CPU.ActiveCfg = Debug|Any CPU
		{51FE2C84-E50A-44F2-9F09-A28211FCD4DB}.Ad-Hoc|Any CPU.Build.0 = Debug|Any CPU
		{51FE2C84-E50A-44F2-9F09-A28211FCD4DB}.Ad-Hoc|Any CPU.Deploy.0 = Debug|Any CPU
		{51FE2C84-E50A-44F2-9F09-A28211FCD4DB}.Ad-Hoc|ARM.ActiveCfg = Debug|Any CPU
		{51FE2C84-E50A-44F2-9F09-A28211FCD4DB}.Ad-Hoc|ARM.Build.0 = Debug|Any CPU
		{51FE2C84-E50A-44F2-9F09-A28211FCD4DB}.Ad-Hoc|ARM.Deploy.0 = Debug|Any CPU
		{51FE2C84-E50A-44F2-9F09-A28211FCD4DB}.Ad-Hoc|ARM64.ActiveCfg = Debug|Any CPU
		{51FE2C84-E50A-44F2-9F09-A28211FCD4DB}.Ad-Hoc|ARM64.Build.0 = Debug|Any CPU
		{51FE2C84-E50A-44F2-9F09-A28211FCD4DB}.Ad-Hoc|ARM64.Deploy.0 = Debug|Any CPU
		{51FE2C84-E50A-44F2-9F09-A28211FCD4DB}.Ad-Hoc|iPhone.ActiveCfg = Debug|Any CPU
		{51FE2C84-E50A-44F2-9F09-A28211FCD4DB}.Ad-Hoc|iPhone.Build.0 = Debug|Any CPU
		{51FE2C84-E50A-44F2-9F09-A28211FCD4DB}.Ad-Hoc|iPhone.Deploy.0 = Debug|Any CPU
		{51FE2C84-E50A-44F2-9F09-A28211FCD4DB}.Ad-Hoc|iPhoneSimulator.ActiveCfg = Debug|Any CPU
		{51FE2C84-E50A-44F2-9F09-A28211FCD4DB}.Ad-Hoc|iPhoneSimulator.Build.0 = Debug|Any CPU
		{51FE2C84-E50A-44F2-9F09-A28211FCD4DB}.Ad-Hoc|iPhoneSimulator.Deploy.0 = Debug|Any CPU
		{51FE2C84-E50A-44F2-9F09-A28211FCD4DB}.Ad-Hoc|x64.ActiveCfg = Debug|Any CPU
		{51FE2C84-E50A-44F2-9F09-A28211FCD4DB}.Ad-Hoc|x64.Build.0 = Debug|Any CPU
		{51FE2C84-E50A-44F2-9F09-A28211FCD4DB}.Ad-Hoc|x64.Deploy.0 = Debug|Any CPU
		{51FE2C84-E50A-44F2-9F09-A28211FCD4DB}.Ad-Hoc|x86.ActiveCfg = Debug|Any CPU
		{51FE2C84-E50A-44F2-9F09-A28211FCD4DB}.Ad-Hoc|x86.Build.0 = Debug|Any CPU
		{51FE2C84-E50A-44F2-9F09-A28211FCD4DB}.Ad-Hoc|x86.Deploy.0 = Debug|Any CPU
		{51FE2C84-E50A-44F2-9F09-A28211FCD4DB}.AppStore|Any CPU.ActiveCfg = Debug|Any CPU
		{51FE2C84-E50A-44F2-9F09-A28211FCD4DB}.AppStore|Any CPU.Build.0 = Debug|Any CPU
		{51FE2C84-E50A-44F2-9F09-A28211FCD4DB}.AppStore|Any CPU.Deploy.0 = Debug|Any CPU
		{51FE2C84-E50A-44F2-9F09-A28211FCD4DB}.AppStore|ARM.ActiveCfg = Debug|Any CPU
		{51FE2C84-E50A-44F2-9F09-A28211FCD4DB}.AppStore|ARM.Build.0 = Debug|Any CPU
		{51FE2C84-E50A-44F2-9F09-A28211FCD4DB}.AppStore|ARM.Deploy.0 = Debug|Any CPU
		{51FE2C84-E50A-44F2-9F09-A28211FCD4DB}.AppStore|ARM64.ActiveCfg = Debug|Any CPU
		{51FE2C84-E50A-44F2-9F09-A28211FCD4DB}.AppStore|ARM64.Build.0 = Debug|Any CPU
		{51FE2C84-E50A-44F2-9F09-A28211FCD4DB}.AppStore|ARM64.Deploy.0 = Debug|Any CPU
		{51FE2C84-E50A-44F2-9F09-A28211FCD4DB}.AppStore|iPhone.ActiveCfg = Debug|Any CPU
		{51FE2C84-E50A-44F2-9F09-A28211FCD4DB}.AppStore|iPhone.Build.0 = Debug|Any CPU
		{51FE2C84-E50A-44F2-9F09-A28211FCD4DB}.AppStore|iPhone.Deploy.0 = Debug|Any CPU
		{51FE2C84-E50A-44F2-9F09-A28211FCD4DB}.AppStore|iPhoneSimulator.ActiveCfg = Debug|Any CPU
		{51FE2C84-E50A-44F2-9F09-A28211FCD4DB}.AppStore|iPhoneSimulator.Build.0 = Debug|Any CPU
		{51FE2C84-E50A-44F2-9F09-A28211FCD4DB}.AppStore|iPhoneSimulator.Deploy.0 = Debug|Any CPU
		{51FE2C84-E50A-44F2-9F09-A28211FCD4DB}.AppStore|x64.ActiveCfg = Debug|Any CPU
		{51FE2C84-E50A-44F2-9F09-A28211FCD4DB}.AppStore|x64.Build.0 = Debug|Any CPU
		{51FE2C84-E50A-44F2-9F09-A28211FCD4DB}.AppStore|x64.Deploy.0 = Debug|Any CPU
		{51FE2C84-E50A-44F2-9F09-A28211FCD4DB}.AppStore|x86.ActiveCfg = Debug|Any CPU
		{51FE2C84-E50A-44F2-9F09-A28211FCD4DB}.AppStore|x86.Build.0 = Debug|Any CPU
		{51FE2C84-E50A-44F2-9F09-A28211FCD4DB}.AppStore|x86.Deploy.0 = Debug|Any CPU
		{51FE2C84-E50A-44F2-9F09-A28211FCD4DB}.Debug|Any CPU.ActiveCfg = Debug|Any CPU
		{51FE2C84-E50A-44F2-9F09-A28211FCD4DB}.Debug|Any CPU.Build.0 = Debug|Any CPU
		{51FE2C84-E50A-44F2-9F09-A28211FCD4DB}.Debug|Any CPU.Deploy.0 = Debug|Any CPU
		{51FE2C84-E50A-44F2-9F09-A28211FCD4DB}.Debug|ARM.ActiveCfg = Debug|Any CPU
		{51FE2C84-E50A-44F2-9F09-A28211FCD4DB}.Debug|ARM.Build.0 = Debug|Any CPU
		{51FE2C84-E50A-44F2-9F09-A28211FCD4DB}.Debug|ARM.Deploy.0 = Debug|Any CPU
		{51FE2C84-E50A-44F2-9F09-A28211FCD4DB}.Debug|ARM64.ActiveCfg = Debug|Any CPU
		{51FE2C84-E50A-44F2-9F09-A28211FCD4DB}.Debug|ARM64.Build.0 = Debug|Any CPU
		{51FE2C84-E50A-44F2-9F09-A28211FCD4DB}.Debug|ARM64.Deploy.0 = Debug|Any CPU
		{51FE2C84-E50A-44F2-9F09-A28211FCD4DB}.Debug|iPhone.ActiveCfg = Debug|Any CPU
		{51FE2C84-E50A-44F2-9F09-A28211FCD4DB}.Debug|iPhone.Build.0 = Debug|Any CPU
		{51FE2C84-E50A-44F2-9F09-A28211FCD4DB}.Debug|iPhone.Deploy.0 = Debug|Any CPU
		{51FE2C84-E50A-44F2-9F09-A28211FCD4DB}.Debug|iPhoneSimulator.ActiveCfg = Debug|Any CPU
		{51FE2C84-E50A-44F2-9F09-A28211FCD4DB}.Debug|iPhoneSimulator.Build.0 = Debug|Any CPU
		{51FE2C84-E50A-44F2-9F09-A28211FCD4DB}.Debug|iPhoneSimulator.Deploy.0 = Debug|Any CPU
		{51FE2C84-E50A-44F2-9F09-A28211FCD4DB}.Debug|x64.ActiveCfg = Debug|Any CPU
		{51FE2C84-E50A-44F2-9F09-A28211FCD4DB}.Debug|x64.Build.0 = Debug|Any CPU
		{51FE2C84-E50A-44F2-9F09-A28211FCD4DB}.Debug|x64.Deploy.0 = Debug|Any CPU
		{51FE2C84-E50A-44F2-9F09-A28211FCD4DB}.Debug|x86.ActiveCfg = Debug|Any CPU
		{51FE2C84-E50A-44F2-9F09-A28211FCD4DB}.Debug|x86.Build.0 = Debug|Any CPU
		{51FE2C84-E50A-44F2-9F09-A28211FCD4DB}.Debug|x86.Deploy.0 = Debug|Any CPU
		{51FE2C84-E50A-44F2-9F09-A28211FCD4DB}.Release|Any CPU.ActiveCfg = Release|Any CPU
		{51FE2C84-E50A-44F2-9F09-A28211FCD4DB}.Release|Any CPU.Build.0 = Release|Any CPU
		{51FE2C84-E50A-44F2-9F09-A28211FCD4DB}.Release|Any CPU.Deploy.0 = Release|Any CPU
		{51FE2C84-E50A-44F2-9F09-A28211FCD4DB}.Release|ARM.ActiveCfg = Release|Any CPU
		{51FE2C84-E50A-44F2-9F09-A28211FCD4DB}.Release|ARM.Build.0 = Release|Any CPU
		{51FE2C84-E50A-44F2-9F09-A28211FCD4DB}.Release|ARM.Deploy.0 = Release|Any CPU
		{51FE2C84-E50A-44F2-9F09-A28211FCD4DB}.Release|ARM64.ActiveCfg = Release|Any CPU
		{51FE2C84-E50A-44F2-9F09-A28211FCD4DB}.Release|ARM64.Build.0 = Release|Any CPU
		{51FE2C84-E50A-44F2-9F09-A28211FCD4DB}.Release|ARM64.Deploy.0 = Release|Any CPU
		{51FE2C84-E50A-44F2-9F09-A28211FCD4DB}.Release|iPhone.ActiveCfg = Release|Any CPU
		{51FE2C84-E50A-44F2-9F09-A28211FCD4DB}.Release|iPhone.Build.0 = Release|Any CPU
		{51FE2C84-E50A-44F2-9F09-A28211FCD4DB}.Release|iPhone.Deploy.0 = Release|Any CPU
		{51FE2C84-E50A-44F2-9F09-A28211FCD4DB}.Release|iPhoneSimulator.ActiveCfg = Release|Any CPU
		{51FE2C84-E50A-44F2-9F09-A28211FCD4DB}.Release|iPhoneSimulator.Build.0 = Release|Any CPU
		{51FE2C84-E50A-44F2-9F09-A28211FCD4DB}.Release|iPhoneSimulator.Deploy.0 = Release|Any CPU
		{51FE2C84-E50A-44F2-9F09-A28211FCD4DB}.Release|x64.ActiveCfg = Release|Any CPU
		{51FE2C84-E50A-44F2-9F09-A28211FCD4DB}.Release|x64.Build.0 = Release|Any CPU
		{51FE2C84-E50A-44F2-9F09-A28211FCD4DB}.Release|x64.Deploy.0 = Release|Any CPU
		{51FE2C84-E50A-44F2-9F09-A28211FCD4DB}.Release|x86.ActiveCfg = Release|Any CPU
		{51FE2C84-E50A-44F2-9F09-A28211FCD4DB}.Release|x86.Build.0 = Release|Any CPU
		{51FE2C84-E50A-44F2-9F09-A28211FCD4DB}.Release|x86.Deploy.0 = Release|Any CPU
		{4A84565C-60C6-43EF-82DC-41379A116722}.Ad-Hoc|Any CPU.ActiveCfg = Ad-Hoc|iPhoneSimulator
		{4A84565C-60C6-43EF-82DC-41379A116722}.Ad-Hoc|ARM.ActiveCfg = Ad-Hoc|iPhoneSimulator
		{4A84565C-60C6-43EF-82DC-41379A116722}.Ad-Hoc|ARM64.ActiveCfg = Ad-Hoc|iPhoneSimulator
		{4A84565C-60C6-43EF-82DC-41379A116722}.Ad-Hoc|iPhone.ActiveCfg = Ad-Hoc|iPhone
		{4A84565C-60C6-43EF-82DC-41379A116722}.Ad-Hoc|iPhone.Build.0 = Ad-Hoc|iPhone
		{4A84565C-60C6-43EF-82DC-41379A116722}.Ad-Hoc|iPhoneSimulator.ActiveCfg = Ad-Hoc|iPhoneSimulator
		{4A84565C-60C6-43EF-82DC-41379A116722}.Ad-Hoc|iPhoneSimulator.Build.0 = Ad-Hoc|iPhoneSimulator
		{4A84565C-60C6-43EF-82DC-41379A116722}.Ad-Hoc|x64.ActiveCfg = Ad-Hoc|iPhoneSimulator
		{4A84565C-60C6-43EF-82DC-41379A116722}.Ad-Hoc|x86.ActiveCfg = Ad-Hoc|iPhoneSimulator
		{4A84565C-60C6-43EF-82DC-41379A116722}.AppStore|Any CPU.ActiveCfg = AppStore|iPhoneSimulator
		{4A84565C-60C6-43EF-82DC-41379A116722}.AppStore|ARM.ActiveCfg = AppStore|iPhoneSimulator
		{4A84565C-60C6-43EF-82DC-41379A116722}.AppStore|ARM64.ActiveCfg = AppStore|iPhoneSimulator
		{4A84565C-60C6-43EF-82DC-41379A116722}.AppStore|iPhone.ActiveCfg = AppStore|iPhone
		{4A84565C-60C6-43EF-82DC-41379A116722}.AppStore|iPhone.Build.0 = AppStore|iPhone
		{4A84565C-60C6-43EF-82DC-41379A116722}.AppStore|iPhoneSimulator.ActiveCfg = AppStore|iPhoneSimulator
		{4A84565C-60C6-43EF-82DC-41379A116722}.AppStore|iPhoneSimulator.Build.0 = AppStore|iPhoneSimulator
		{4A84565C-60C6-43EF-82DC-41379A116722}.AppStore|x64.ActiveCfg = AppStore|iPhoneSimulator
		{4A84565C-60C6-43EF-82DC-41379A116722}.AppStore|x86.ActiveCfg = AppStore|iPhoneSimulator
		{4A84565C-60C6-43EF-82DC-41379A116722}.Debug|Any CPU.ActiveCfg = Debug|iPhoneSimulator
		{4A84565C-60C6-43EF-82DC-41379A116722}.Debug|ARM.ActiveCfg = Debug|iPhoneSimulator
		{4A84565C-60C6-43EF-82DC-41379A116722}.Debug|ARM64.ActiveCfg = Debug|iPhoneSimulator
		{4A84565C-60C6-43EF-82DC-41379A116722}.Debug|iPhone.ActiveCfg = Debug|iPhone
		{4A84565C-60C6-43EF-82DC-41379A116722}.Debug|iPhone.Build.0 = Debug|iPhone
		{4A84565C-60C6-43EF-82DC-41379A116722}.Debug|iPhoneSimulator.ActiveCfg = Debug|iPhoneSimulator
		{4A84565C-60C6-43EF-82DC-41379A116722}.Debug|iPhoneSimulator.Build.0 = Debug|iPhoneSimulator
		{4A84565C-60C6-43EF-82DC-41379A116722}.Debug|x64.ActiveCfg = Debug|iPhoneSimulator
		{4A84565C-60C6-43EF-82DC-41379A116722}.Debug|x86.ActiveCfg = Debug|iPhoneSimulator
		{4A84565C-60C6-43EF-82DC-41379A116722}.Release|Any CPU.ActiveCfg = Release|iPhoneSimulator
		{4A84565C-60C6-43EF-82DC-41379A116722}.Release|ARM.ActiveCfg = Release|iPhoneSimulator
		{4A84565C-60C6-43EF-82DC-41379A116722}.Release|ARM64.ActiveCfg = Release|iPhoneSimulator
		{4A84565C-60C6-43EF-82DC-41379A116722}.Release|iPhone.ActiveCfg = Release|iPhone
		{4A84565C-60C6-43EF-82DC-41379A116722}.Release|iPhone.Build.0 = Release|iPhone
		{4A84565C-60C6-43EF-82DC-41379A116722}.Release|iPhoneSimulator.ActiveCfg = Release|iPhoneSimulator
		{4A84565C-60C6-43EF-82DC-41379A116722}.Release|iPhoneSimulator.Build.0 = Release|iPhoneSimulator
		{4A84565C-60C6-43EF-82DC-41379A116722}.Release|x64.ActiveCfg = Release|iPhoneSimulator
		{4A84565C-60C6-43EF-82DC-41379A116722}.Release|x86.ActiveCfg = Release|iPhoneSimulator
		{5662D15C-E2F6-415C-B182-17332951613B}.Ad-Hoc|Any CPU.ActiveCfg = Debug|x86
		{5662D15C-E2F6-415C-B182-17332951613B}.Ad-Hoc|Any CPU.Build.0 = Debug|x86
		{5662D15C-E2F6-415C-B182-17332951613B}.Ad-Hoc|Any CPU.Deploy.0 = Debug|x86
		{5662D15C-E2F6-415C-B182-17332951613B}.Ad-Hoc|ARM.ActiveCfg = Debug|ARM
		{5662D15C-E2F6-415C-B182-17332951613B}.Ad-Hoc|ARM.Build.0 = Debug|ARM
		{5662D15C-E2F6-415C-B182-17332951613B}.Ad-Hoc|ARM.Deploy.0 = Debug|ARM
		{5662D15C-E2F6-415C-B182-17332951613B}.Ad-Hoc|ARM64.ActiveCfg = Debug|ARM64
		{5662D15C-E2F6-415C-B182-17332951613B}.Ad-Hoc|ARM64.Build.0 = Debug|ARM64
		{5662D15C-E2F6-415C-B182-17332951613B}.Ad-Hoc|ARM64.Deploy.0 = Debug|ARM64
		{5662D15C-E2F6-415C-B182-17332951613B}.Ad-Hoc|iPhone.ActiveCfg = Debug|x86
		{5662D15C-E2F6-415C-B182-17332951613B}.Ad-Hoc|iPhone.Build.0 = Debug|x86
		{5662D15C-E2F6-415C-B182-17332951613B}.Ad-Hoc|iPhone.Deploy.0 = Debug|x86
		{5662D15C-E2F6-415C-B182-17332951613B}.Ad-Hoc|iPhoneSimulator.ActiveCfg = Debug|x86
		{5662D15C-E2F6-415C-B182-17332951613B}.Ad-Hoc|iPhoneSimulator.Build.0 = Debug|x86
		{5662D15C-E2F6-415C-B182-17332951613B}.Ad-Hoc|iPhoneSimulator.Deploy.0 = Debug|x86
		{5662D15C-E2F6-415C-B182-17332951613B}.Ad-Hoc|x64.ActiveCfg = Debug|x64
		{5662D15C-E2F6-415C-B182-17332951613B}.Ad-Hoc|x64.Build.0 = Debug|x64
		{5662D15C-E2F6-415C-B182-17332951613B}.Ad-Hoc|x64.Deploy.0 = Debug|x64
		{5662D15C-E2F6-415C-B182-17332951613B}.Ad-Hoc|x86.ActiveCfg = Debug|x86
		{5662D15C-E2F6-415C-B182-17332951613B}.Ad-Hoc|x86.Build.0 = Debug|x86
		{5662D15C-E2F6-415C-B182-17332951613B}.Ad-Hoc|x86.Deploy.0 = Debug|x86
		{5662D15C-E2F6-415C-B182-17332951613B}.AppStore|Any CPU.ActiveCfg = Debug|x86
		{5662D15C-E2F6-415C-B182-17332951613B}.AppStore|Any CPU.Build.0 = Debug|x86
		{5662D15C-E2F6-415C-B182-17332951613B}.AppStore|Any CPU.Deploy.0 = Debug|x86
		{5662D15C-E2F6-415C-B182-17332951613B}.AppStore|ARM.ActiveCfg = Debug|ARM
		{5662D15C-E2F6-415C-B182-17332951613B}.AppStore|ARM.Build.0 = Debug|ARM
		{5662D15C-E2F6-415C-B182-17332951613B}.AppStore|ARM.Deploy.0 = Debug|ARM
		{5662D15C-E2F6-415C-B182-17332951613B}.AppStore|ARM64.ActiveCfg = Debug|ARM64
		{5662D15C-E2F6-415C-B182-17332951613B}.AppStore|ARM64.Build.0 = Debug|ARM64
		{5662D15C-E2F6-415C-B182-17332951613B}.AppStore|ARM64.Deploy.0 = Debug|ARM64
		{5662D15C-E2F6-415C-B182-17332951613B}.AppStore|iPhone.ActiveCfg = Debug|x86
		{5662D15C-E2F6-415C-B182-17332951613B}.AppStore|iPhone.Build.0 = Debug|x86
		{5662D15C-E2F6-415C-B182-17332951613B}.AppStore|iPhone.Deploy.0 = Debug|x86
		{5662D15C-E2F6-415C-B182-17332951613B}.AppStore|iPhoneSimulator.ActiveCfg = Debug|x86
		{5662D15C-E2F6-415C-B182-17332951613B}.AppStore|iPhoneSimulator.Build.0 = Debug|x86
		{5662D15C-E2F6-415C-B182-17332951613B}.AppStore|iPhoneSimulator.Deploy.0 = Debug|x86
		{5662D15C-E2F6-415C-B182-17332951613B}.AppStore|x64.ActiveCfg = Debug|x64
		{5662D15C-E2F6-415C-B182-17332951613B}.AppStore|x64.Build.0 = Debug|x64
		{5662D15C-E2F6-415C-B182-17332951613B}.AppStore|x64.Deploy.0 = Debug|x64
		{5662D15C-E2F6-415C-B182-17332951613B}.AppStore|x86.ActiveCfg = Debug|x86
		{5662D15C-E2F6-415C-B182-17332951613B}.AppStore|x86.Build.0 = Debug|x86
		{5662D15C-E2F6-415C-B182-17332951613B}.AppStore|x86.Deploy.0 = Debug|x86
		{5662D15C-E2F6-415C-B182-17332951613B}.Debug|Any CPU.ActiveCfg = Debug|x86
		{5662D15C-E2F6-415C-B182-17332951613B}.Debug|Any CPU.Build.0 = Debug|x86
		{5662D15C-E2F6-415C-B182-17332951613B}.Debug|Any CPU.Deploy.0 = Debug|x86
		{5662D15C-E2F6-415C-B182-17332951613B}.Debug|ARM.ActiveCfg = Debug|ARM
		{5662D15C-E2F6-415C-B182-17332951613B}.Debug|ARM.Build.0 = Debug|ARM
		{5662D15C-E2F6-415C-B182-17332951613B}.Debug|ARM.Deploy.0 = Debug|ARM
		{5662D15C-E2F6-415C-B182-17332951613B}.Debug|ARM64.ActiveCfg = Debug|ARM64
		{5662D15C-E2F6-415C-B182-17332951613B}.Debug|ARM64.Build.0 = Debug|ARM64
		{5662D15C-E2F6-415C-B182-17332951613B}.Debug|ARM64.Deploy.0 = Debug|ARM64
		{5662D15C-E2F6-415C-B182-17332951613B}.Debug|iPhone.ActiveCfg = Debug|x86
		{5662D15C-E2F6-415C-B182-17332951613B}.Debug|iPhoneSimulator.ActiveCfg = Debug|x86
		{5662D15C-E2F6-415C-B182-17332951613B}.Debug|x64.ActiveCfg = Debug|x64
		{5662D15C-E2F6-415C-B182-17332951613B}.Debug|x64.Build.0 = Debug|x64
		{5662D15C-E2F6-415C-B182-17332951613B}.Debug|x64.Deploy.0 = Debug|x64
		{5662D15C-E2F6-415C-B182-17332951613B}.Debug|x86.ActiveCfg = Debug|x86
		{5662D15C-E2F6-415C-B182-17332951613B}.Debug|x86.Build.0 = Debug|x86
		{5662D15C-E2F6-415C-B182-17332951613B}.Debug|x86.Deploy.0 = Debug|x86
		{5662D15C-E2F6-415C-B182-17332951613B}.Release|Any CPU.ActiveCfg = Release|x86
		{5662D15C-E2F6-415C-B182-17332951613B}.Release|ARM.ActiveCfg = Release|ARM
		{5662D15C-E2F6-415C-B182-17332951613B}.Release|ARM.Build.0 = Release|ARM
		{5662D15C-E2F6-415C-B182-17332951613B}.Release|ARM.Deploy.0 = Release|ARM
		{5662D15C-E2F6-415C-B182-17332951613B}.Release|ARM64.ActiveCfg = Release|ARM64
		{5662D15C-E2F6-415C-B182-17332951613B}.Release|ARM64.Build.0 = Release|ARM64
		{5662D15C-E2F6-415C-B182-17332951613B}.Release|ARM64.Deploy.0 = Release|ARM64
		{5662D15C-E2F6-415C-B182-17332951613B}.Release|iPhone.ActiveCfg = Release|x86
		{5662D15C-E2F6-415C-B182-17332951613B}.Release|iPhoneSimulator.ActiveCfg = Release|x86
		{5662D15C-E2F6-415C-B182-17332951613B}.Release|x64.ActiveCfg = Release|x64
		{5662D15C-E2F6-415C-B182-17332951613B}.Release|x64.Build.0 = Release|x64
		{5662D15C-E2F6-415C-B182-17332951613B}.Release|x64.Deploy.0 = Release|x64
		{5662D15C-E2F6-415C-B182-17332951613B}.Release|x86.ActiveCfg = Release|x86
		{5662D15C-E2F6-415C-B182-17332951613B}.Release|x86.Build.0 = Release|x86
		{5662D15C-E2F6-415C-B182-17332951613B}.Release|x86.Deploy.0 = Release|x86
		{843B0465-E285-421D-A554-5CA31A00F41D}.Ad-Hoc|Any CPU.ActiveCfg = Debug|Any CPU
		{843B0465-E285-421D-A554-5CA31A00F41D}.Ad-Hoc|Any CPU.Build.0 = Debug|Any CPU
		{843B0465-E285-421D-A554-5CA31A00F41D}.Ad-Hoc|ARM.ActiveCfg = Debug|Any CPU
		{843B0465-E285-421D-A554-5CA31A00F41D}.Ad-Hoc|ARM.Build.0 = Debug|Any CPU
		{843B0465-E285-421D-A554-5CA31A00F41D}.Ad-Hoc|ARM64.ActiveCfg = Debug|Any CPU
		{843B0465-E285-421D-A554-5CA31A00F41D}.Ad-Hoc|ARM64.Build.0 = Debug|Any CPU
		{843B0465-E285-421D-A554-5CA31A00F41D}.Ad-Hoc|iPhone.ActiveCfg = Debug|Any CPU
		{843B0465-E285-421D-A554-5CA31A00F41D}.Ad-Hoc|iPhone.Build.0 = Debug|Any CPU
		{843B0465-E285-421D-A554-5CA31A00F41D}.Ad-Hoc|iPhoneSimulator.ActiveCfg = Debug|Any CPU
		{843B0465-E285-421D-A554-5CA31A00F41D}.Ad-Hoc|iPhoneSimulator.Build.0 = Debug|Any CPU
		{843B0465-E285-421D-A554-5CA31A00F41D}.Ad-Hoc|x64.ActiveCfg = Debug|Any CPU
		{843B0465-E285-421D-A554-5CA31A00F41D}.Ad-Hoc|x64.Build.0 = Debug|Any CPU
		{843B0465-E285-421D-A554-5CA31A00F41D}.Ad-Hoc|x86.ActiveCfg = Debug|Any CPU
		{843B0465-E285-421D-A554-5CA31A00F41D}.Ad-Hoc|x86.Build.0 = Debug|Any CPU
		{843B0465-E285-421D-A554-5CA31A00F41D}.AppStore|Any CPU.ActiveCfg = Debug|Any CPU
		{843B0465-E285-421D-A554-5CA31A00F41D}.AppStore|Any CPU.Build.0 = Debug|Any CPU
		{843B0465-E285-421D-A554-5CA31A00F41D}.AppStore|ARM.ActiveCfg = Debug|Any CPU
		{843B0465-E285-421D-A554-5CA31A00F41D}.AppStore|ARM.Build.0 = Debug|Any CPU
		{843B0465-E285-421D-A554-5CA31A00F41D}.AppStore|ARM64.ActiveCfg = Debug|Any CPU
		{843B0465-E285-421D-A554-5CA31A00F41D}.AppStore|ARM64.Build.0 = Debug|Any CPU
		{843B0465-E285-421D-A554-5CA31A00F41D}.AppStore|iPhone.ActiveCfg = Debug|Any CPU
		{843B0465-E285-421D-A554-5CA31A00F41D}.AppStore|iPhone.Build.0 = Debug|Any CPU
		{843B0465-E285-421D-A554-5CA31A00F41D}.AppStore|iPhoneSimulator.ActiveCfg = Debug|Any CPU
		{843B0465-E285-421D-A554-5CA31A00F41D}.AppStore|iPhoneSimulator.Build.0 = Debug|Any CPU
		{843B0465-E285-421D-A554-5CA31A00F41D}.AppStore|x64.ActiveCfg = Debug|Any CPU
		{843B0465-E285-421D-A554-5CA31A00F41D}.AppStore|x64.Build.0 = Debug|Any CPU
		{843B0465-E285-421D-A554-5CA31A00F41D}.AppStore|x86.ActiveCfg = Debug|Any CPU
		{843B0465-E285-421D-A554-5CA31A00F41D}.AppStore|x86.Build.0 = Debug|Any CPU
		{843B0465-E285-421D-A554-5CA31A00F41D}.Debug|Any CPU.ActiveCfg = Debug|Any CPU
		{843B0465-E285-421D-A554-5CA31A00F41D}.Debug|Any CPU.Build.0 = Debug|Any CPU
		{843B0465-E285-421D-A554-5CA31A00F41D}.Debug|ARM.ActiveCfg = Debug|Any CPU
		{843B0465-E285-421D-A554-5CA31A00F41D}.Debug|ARM.Build.0 = Debug|Any CPU
		{843B0465-E285-421D-A554-5CA31A00F41D}.Debug|ARM64.ActiveCfg = Debug|Any CPU
		{843B0465-E285-421D-A554-5CA31A00F41D}.Debug|ARM64.Build.0 = Debug|Any CPU
		{843B0465-E285-421D-A554-5CA31A00F41D}.Debug|iPhone.ActiveCfg = Debug|Any CPU
		{843B0465-E285-421D-A554-5CA31A00F41D}.Debug|iPhone.Build.0 = Debug|Any CPU
		{843B0465-E285-421D-A554-5CA31A00F41D}.Debug|iPhoneSimulator.ActiveCfg = Debug|Any CPU
		{843B0465-E285-421D-A554-5CA31A00F41D}.Debug|iPhoneSimulator.Build.0 = Debug|Any CPU
		{843B0465-E285-421D-A554-5CA31A00F41D}.Debug|x64.ActiveCfg = Debug|Any CPU
		{843B0465-E285-421D-A554-5CA31A00F41D}.Debug|x64.Build.0 = Debug|Any CPU
		{843B0465-E285-421D-A554-5CA31A00F41D}.Debug|x86.ActiveCfg = Debug|Any CPU
		{843B0465-E285-421D-A554-5CA31A00F41D}.Debug|x86.Build.0 = Debug|Any CPU
		{843B0465-E285-421D-A554-5CA31A00F41D}.Release|Any CPU.ActiveCfg = Release|Any CPU
		{843B0465-E285-421D-A554-5CA31A00F41D}.Release|Any CPU.Build.0 = Release|Any CPU
		{843B0465-E285-421D-A554-5CA31A00F41D}.Release|ARM.ActiveCfg = Release|Any CPU
		{843B0465-E285-421D-A554-5CA31A00F41D}.Release|ARM.Build.0 = Release|Any CPU
		{843B0465-E285-421D-A554-5CA31A00F41D}.Release|ARM64.ActiveCfg = Release|Any CPU
		{843B0465-E285-421D-A554-5CA31A00F41D}.Release|ARM64.Build.0 = Release|Any CPU
		{843B0465-E285-421D-A554-5CA31A00F41D}.Release|iPhone.ActiveCfg = Release|Any CPU
		{843B0465-E285-421D-A554-5CA31A00F41D}.Release|iPhone.Build.0 = Release|Any CPU
		{843B0465-E285-421D-A554-5CA31A00F41D}.Release|iPhoneSimulator.ActiveCfg = Release|Any CPU
		{843B0465-E285-421D-A554-5CA31A00F41D}.Release|iPhoneSimulator.Build.0 = Release|Any CPU
		{843B0465-E285-421D-A554-5CA31A00F41D}.Release|x64.ActiveCfg = Release|Any CPU
		{843B0465-E285-421D-A554-5CA31A00F41D}.Release|x64.Build.0 = Release|Any CPU
		{843B0465-E285-421D-A554-5CA31A00F41D}.Release|x86.ActiveCfg = Release|Any CPU
		{843B0465-E285-421D-A554-5CA31A00F41D}.Release|x86.Build.0 = Release|Any CPU
		{8FDC492F-E693-4374-8463-25BC86527D0F}.Ad-Hoc|Any CPU.ActiveCfg = Debug|iPhoneSimulator
		{8FDC492F-E693-4374-8463-25BC86527D0F}.Ad-Hoc|Any CPU.Build.0 = Debug|iPhoneSimulator
		{8FDC492F-E693-4374-8463-25BC86527D0F}.Ad-Hoc|ARM.ActiveCfg = Debug|iPhoneSimulator
		{8FDC492F-E693-4374-8463-25BC86527D0F}.Ad-Hoc|ARM.Build.0 = Debug|iPhoneSimulator
		{8FDC492F-E693-4374-8463-25BC86527D0F}.Ad-Hoc|ARM64.ActiveCfg = Debug|iPhoneSimulator
		{8FDC492F-E693-4374-8463-25BC86527D0F}.Ad-Hoc|ARM64.Build.0 = Debug|iPhoneSimulator
		{8FDC492F-E693-4374-8463-25BC86527D0F}.Ad-Hoc|iPhone.ActiveCfg = Debug|iPhoneSimulator
		{8FDC492F-E693-4374-8463-25BC86527D0F}.Ad-Hoc|iPhone.Build.0 = Debug|iPhoneSimulator
		{8FDC492F-E693-4374-8463-25BC86527D0F}.Ad-Hoc|iPhoneSimulator.ActiveCfg = Debug|iPhoneSimulator
		{8FDC492F-E693-4374-8463-25BC86527D0F}.Ad-Hoc|iPhoneSimulator.Build.0 = Debug|iPhoneSimulator
		{8FDC492F-E693-4374-8463-25BC86527D0F}.Ad-Hoc|x64.ActiveCfg = Debug|iPhoneSimulator
		{8FDC492F-E693-4374-8463-25BC86527D0F}.Ad-Hoc|x64.Build.0 = Debug|iPhoneSimulator
		{8FDC492F-E693-4374-8463-25BC86527D0F}.Ad-Hoc|x86.ActiveCfg = Debug|iPhoneSimulator
		{8FDC492F-E693-4374-8463-25BC86527D0F}.Ad-Hoc|x86.Build.0 = Debug|iPhoneSimulator
		{8FDC492F-E693-4374-8463-25BC86527D0F}.AppStore|Any CPU.ActiveCfg = Debug|iPhoneSimulator
		{8FDC492F-E693-4374-8463-25BC86527D0F}.AppStore|Any CPU.Build.0 = Debug|iPhoneSimulator
		{8FDC492F-E693-4374-8463-25BC86527D0F}.AppStore|ARM.ActiveCfg = Debug|iPhoneSimulator
		{8FDC492F-E693-4374-8463-25BC86527D0F}.AppStore|ARM.Build.0 = Debug|iPhoneSimulator
		{8FDC492F-E693-4374-8463-25BC86527D0F}.AppStore|ARM64.ActiveCfg = Debug|iPhoneSimulator
		{8FDC492F-E693-4374-8463-25BC86527D0F}.AppStore|ARM64.Build.0 = Debug|iPhoneSimulator
		{8FDC492F-E693-4374-8463-25BC86527D0F}.AppStore|iPhone.ActiveCfg = Debug|iPhoneSimulator
		{8FDC492F-E693-4374-8463-25BC86527D0F}.AppStore|iPhone.Build.0 = Debug|iPhoneSimulator
		{8FDC492F-E693-4374-8463-25BC86527D0F}.AppStore|iPhoneSimulator.ActiveCfg = Debug|iPhoneSimulator
		{8FDC492F-E693-4374-8463-25BC86527D0F}.AppStore|iPhoneSimulator.Build.0 = Debug|iPhoneSimulator
		{8FDC492F-E693-4374-8463-25BC86527D0F}.AppStore|x64.ActiveCfg = Debug|iPhoneSimulator
		{8FDC492F-E693-4374-8463-25BC86527D0F}.AppStore|x64.Build.0 = Debug|iPhoneSimulator
		{8FDC492F-E693-4374-8463-25BC86527D0F}.AppStore|x86.ActiveCfg = Debug|iPhoneSimulator
		{8FDC492F-E693-4374-8463-25BC86527D0F}.AppStore|x86.Build.0 = Debug|iPhoneSimulator
		{8FDC492F-E693-4374-8463-25BC86527D0F}.Debug|Any CPU.ActiveCfg = Debug|iPhoneSimulator
		{8FDC492F-E693-4374-8463-25BC86527D0F}.Debug|ARM.ActiveCfg = Debug|iPhoneSimulator
		{8FDC492F-E693-4374-8463-25BC86527D0F}.Debug|ARM64.ActiveCfg = Debug|iPhoneSimulator
		{8FDC492F-E693-4374-8463-25BC86527D0F}.Debug|iPhone.ActiveCfg = Debug|iPhoneSimulator
		{8FDC492F-E693-4374-8463-25BC86527D0F}.Debug|iPhoneSimulator.ActiveCfg = Debug|iPhoneSimulator
		{8FDC492F-E693-4374-8463-25BC86527D0F}.Debug|iPhoneSimulator.Build.0 = Debug|iPhoneSimulator
		{8FDC492F-E693-4374-8463-25BC86527D0F}.Debug|x64.ActiveCfg = Debug|iPhoneSimulator
		{8FDC492F-E693-4374-8463-25BC86527D0F}.Debug|x86.ActiveCfg = Debug|iPhoneSimulator
		{8FDC492F-E693-4374-8463-25BC86527D0F}.Release|Any CPU.ActiveCfg = Release|iPhoneSimulator
		{8FDC492F-E693-4374-8463-25BC86527D0F}.Release|ARM.ActiveCfg = Release|iPhoneSimulator
		{8FDC492F-E693-4374-8463-25BC86527D0F}.Release|ARM64.ActiveCfg = Release|iPhoneSimulator
		{8FDC492F-E693-4374-8463-25BC86527D0F}.Release|iPhone.ActiveCfg = Release|iPhoneSimulator
		{8FDC492F-E693-4374-8463-25BC86527D0F}.Release|iPhoneSimulator.ActiveCfg = Release|iPhoneSimulator
		{8FDC492F-E693-4374-8463-25BC86527D0F}.Release|iPhoneSimulator.Build.0 = Release|iPhoneSimulator
		{8FDC492F-E693-4374-8463-25BC86527D0F}.Release|x64.ActiveCfg = Release|iPhoneSimulator
		{8FDC492F-E693-4374-8463-25BC86527D0F}.Release|x86.ActiveCfg = Release|iPhoneSimulator
		{D0E5374B-CD12-4603-A8F7-6AA50FCA67ED}.Ad-Hoc|Any CPU.ActiveCfg = Debug|Any CPU
		{D0E5374B-CD12-4603-A8F7-6AA50FCA67ED}.Ad-Hoc|Any CPU.Build.0 = Debug|Any CPU
		{D0E5374B-CD12-4603-A8F7-6AA50FCA67ED}.Ad-Hoc|ARM.ActiveCfg = Debug|Any CPU
		{D0E5374B-CD12-4603-A8F7-6AA50FCA67ED}.Ad-Hoc|ARM.Build.0 = Debug|Any CPU
		{D0E5374B-CD12-4603-A8F7-6AA50FCA67ED}.Ad-Hoc|ARM64.ActiveCfg = Debug|Any CPU
		{D0E5374B-CD12-4603-A8F7-6AA50FCA67ED}.Ad-Hoc|ARM64.Build.0 = Debug|Any CPU
		{D0E5374B-CD12-4603-A8F7-6AA50FCA67ED}.Ad-Hoc|iPhone.ActiveCfg = Debug|Any CPU
		{D0E5374B-CD12-4603-A8F7-6AA50FCA67ED}.Ad-Hoc|iPhone.Build.0 = Debug|Any CPU
		{D0E5374B-CD12-4603-A8F7-6AA50FCA67ED}.Ad-Hoc|iPhoneSimulator.ActiveCfg = Debug|Any CPU
		{D0E5374B-CD12-4603-A8F7-6AA50FCA67ED}.Ad-Hoc|iPhoneSimulator.Build.0 = Debug|Any CPU
		{D0E5374B-CD12-4603-A8F7-6AA50FCA67ED}.Ad-Hoc|x64.ActiveCfg = Debug|Any CPU
		{D0E5374B-CD12-4603-A8F7-6AA50FCA67ED}.Ad-Hoc|x64.Build.0 = Debug|Any CPU
		{D0E5374B-CD12-4603-A8F7-6AA50FCA67ED}.Ad-Hoc|x86.ActiveCfg = Debug|Any CPU
		{D0E5374B-CD12-4603-A8F7-6AA50FCA67ED}.Ad-Hoc|x86.Build.0 = Debug|Any CPU
		{D0E5374B-CD12-4603-A8F7-6AA50FCA67ED}.AppStore|Any CPU.ActiveCfg = Debug|Any CPU
		{D0E5374B-CD12-4603-A8F7-6AA50FCA67ED}.AppStore|Any CPU.Build.0 = Debug|Any CPU
		{D0E5374B-CD12-4603-A8F7-6AA50FCA67ED}.AppStore|ARM.ActiveCfg = Debug|Any CPU
		{D0E5374B-CD12-4603-A8F7-6AA50FCA67ED}.AppStore|ARM.Build.0 = Debug|Any CPU
		{D0E5374B-CD12-4603-A8F7-6AA50FCA67ED}.AppStore|ARM64.ActiveCfg = Debug|Any CPU
		{D0E5374B-CD12-4603-A8F7-6AA50FCA67ED}.AppStore|ARM64.Build.0 = Debug|Any CPU
		{D0E5374B-CD12-4603-A8F7-6AA50FCA67ED}.AppStore|iPhone.ActiveCfg = Debug|Any CPU
		{D0E5374B-CD12-4603-A8F7-6AA50FCA67ED}.AppStore|iPhone.Build.0 = Debug|Any CPU
		{D0E5374B-CD12-4603-A8F7-6AA50FCA67ED}.AppStore|iPhoneSimulator.ActiveCfg = Debug|Any CPU
		{D0E5374B-CD12-4603-A8F7-6AA50FCA67ED}.AppStore|iPhoneSimulator.Build.0 = Debug|Any CPU
		{D0E5374B-CD12-4603-A8F7-6AA50FCA67ED}.AppStore|x64.ActiveCfg = Debug|Any CPU
		{D0E5374B-CD12-4603-A8F7-6AA50FCA67ED}.AppStore|x64.Build.0 = Debug|Any CPU
		{D0E5374B-CD12-4603-A8F7-6AA50FCA67ED}.AppStore|x86.ActiveCfg = Debug|Any CPU
		{D0E5374B-CD12-4603-A8F7-6AA50FCA67ED}.AppStore|x86.Build.0 = Debug|Any CPU
		{D0E5374B-CD12-4603-A8F7-6AA50FCA67ED}.Debug|Any CPU.ActiveCfg = Debug|Any CPU
		{D0E5374B-CD12-4603-A8F7-6AA50FCA67ED}.Debug|Any CPU.Build.0 = Debug|Any CPU
		{D0E5374B-CD12-4603-A8F7-6AA50FCA67ED}.Debug|ARM.ActiveCfg = Debug|Any CPU
		{D0E5374B-CD12-4603-A8F7-6AA50FCA67ED}.Debug|ARM.Build.0 = Debug|Any CPU
		{D0E5374B-CD12-4603-A8F7-6AA50FCA67ED}.Debug|ARM64.ActiveCfg = Debug|Any CPU
		{D0E5374B-CD12-4603-A8F7-6AA50FCA67ED}.Debug|ARM64.Build.0 = Debug|Any CPU
		{D0E5374B-CD12-4603-A8F7-6AA50FCA67ED}.Debug|iPhone.ActiveCfg = Debug|Any CPU
		{D0E5374B-CD12-4603-A8F7-6AA50FCA67ED}.Debug|iPhone.Build.0 = Debug|Any CPU
		{D0E5374B-CD12-4603-A8F7-6AA50FCA67ED}.Debug|iPhoneSimulator.ActiveCfg = Debug|Any CPU
		{D0E5374B-CD12-4603-A8F7-6AA50FCA67ED}.Debug|iPhoneSimulator.Build.0 = Debug|Any CPU
		{D0E5374B-CD12-4603-A8F7-6AA50FCA67ED}.Debug|x64.ActiveCfg = Debug|Any CPU
		{D0E5374B-CD12-4603-A8F7-6AA50FCA67ED}.Debug|x64.Build.0 = Debug|Any CPU
		{D0E5374B-CD12-4603-A8F7-6AA50FCA67ED}.Debug|x86.ActiveCfg = Debug|Any CPU
		{D0E5374B-CD12-4603-A8F7-6AA50FCA67ED}.Debug|x86.Build.0 = Debug|Any CPU
		{D0E5374B-CD12-4603-A8F7-6AA50FCA67ED}.Release|Any CPU.ActiveCfg = Release|Any CPU
		{D0E5374B-CD12-4603-A8F7-6AA50FCA67ED}.Release|Any CPU.Build.0 = Release|Any CPU
		{D0E5374B-CD12-4603-A8F7-6AA50FCA67ED}.Release|ARM.ActiveCfg = Release|Any CPU
		{D0E5374B-CD12-4603-A8F7-6AA50FCA67ED}.Release|ARM.Build.0 = Release|Any CPU
		{D0E5374B-CD12-4603-A8F7-6AA50FCA67ED}.Release|ARM64.ActiveCfg = Release|Any CPU
		{D0E5374B-CD12-4603-A8F7-6AA50FCA67ED}.Release|ARM64.Build.0 = Release|Any CPU
		{D0E5374B-CD12-4603-A8F7-6AA50FCA67ED}.Release|iPhone.ActiveCfg = Release|Any CPU
		{D0E5374B-CD12-4603-A8F7-6AA50FCA67ED}.Release|iPhone.Build.0 = Release|Any CPU
		{D0E5374B-CD12-4603-A8F7-6AA50FCA67ED}.Release|iPhoneSimulator.ActiveCfg = Release|Any CPU
		{D0E5374B-CD12-4603-A8F7-6AA50FCA67ED}.Release|iPhoneSimulator.Build.0 = Release|Any CPU
		{D0E5374B-CD12-4603-A8F7-6AA50FCA67ED}.Release|x64.ActiveCfg = Release|Any CPU
		{D0E5374B-CD12-4603-A8F7-6AA50FCA67ED}.Release|x64.Build.0 = Release|Any CPU
		{D0E5374B-CD12-4603-A8F7-6AA50FCA67ED}.Release|x86.ActiveCfg = Release|Any CPU
		{D0E5374B-CD12-4603-A8F7-6AA50FCA67ED}.Release|x86.Build.0 = Release|Any CPU
		{379F2C1B-E893-45DE-8EAA-2F721870269A}.Ad-Hoc|Any CPU.ActiveCfg = Debug|Any CPU
		{379F2C1B-E893-45DE-8EAA-2F721870269A}.Ad-Hoc|Any CPU.Build.0 = Debug|Any CPU
		{379F2C1B-E893-45DE-8EAA-2F721870269A}.Ad-Hoc|ARM.ActiveCfg = Debug|Any CPU
		{379F2C1B-E893-45DE-8EAA-2F721870269A}.Ad-Hoc|ARM.Build.0 = Debug|Any CPU
		{379F2C1B-E893-45DE-8EAA-2F721870269A}.Ad-Hoc|ARM64.ActiveCfg = Debug|Any CPU
		{379F2C1B-E893-45DE-8EAA-2F721870269A}.Ad-Hoc|ARM64.Build.0 = Debug|Any CPU
		{379F2C1B-E893-45DE-8EAA-2F721870269A}.Ad-Hoc|iPhone.ActiveCfg = Debug|Any CPU
		{379F2C1B-E893-45DE-8EAA-2F721870269A}.Ad-Hoc|iPhone.Build.0 = Debug|Any CPU
		{379F2C1B-E893-45DE-8EAA-2F721870269A}.Ad-Hoc|iPhoneSimulator.ActiveCfg = Debug|Any CPU
		{379F2C1B-E893-45DE-8EAA-2F721870269A}.Ad-Hoc|iPhoneSimulator.Build.0 = Debug|Any CPU
		{379F2C1B-E893-45DE-8EAA-2F721870269A}.Ad-Hoc|x64.ActiveCfg = Debug|Any CPU
		{379F2C1B-E893-45DE-8EAA-2F721870269A}.Ad-Hoc|x64.Build.0 = Debug|Any CPU
		{379F2C1B-E893-45DE-8EAA-2F721870269A}.Ad-Hoc|x86.ActiveCfg = Debug|Any CPU
		{379F2C1B-E893-45DE-8EAA-2F721870269A}.Ad-Hoc|x86.Build.0 = Debug|Any CPU
		{379F2C1B-E893-45DE-8EAA-2F721870269A}.AppStore|Any CPU.ActiveCfg = Debug|Any CPU
		{379F2C1B-E893-45DE-8EAA-2F721870269A}.AppStore|Any CPU.Build.0 = Debug|Any CPU
		{379F2C1B-E893-45DE-8EAA-2F721870269A}.AppStore|ARM.ActiveCfg = Debug|Any CPU
		{379F2C1B-E893-45DE-8EAA-2F721870269A}.AppStore|ARM.Build.0 = Debug|Any CPU
		{379F2C1B-E893-45DE-8EAA-2F721870269A}.AppStore|ARM64.ActiveCfg = Debug|Any CPU
		{379F2C1B-E893-45DE-8EAA-2F721870269A}.AppStore|ARM64.Build.0 = Debug|Any CPU
		{379F2C1B-E893-45DE-8EAA-2F721870269A}.AppStore|iPhone.ActiveCfg = Debug|Any CPU
		{379F2C1B-E893-45DE-8EAA-2F721870269A}.AppStore|iPhone.Build.0 = Debug|Any CPU
		{379F2C1B-E893-45DE-8EAA-2F721870269A}.AppStore|iPhoneSimulator.ActiveCfg = Debug|Any CPU
		{379F2C1B-E893-45DE-8EAA-2F721870269A}.AppStore|iPhoneSimulator.Build.0 = Debug|Any CPU
		{379F2C1B-E893-45DE-8EAA-2F721870269A}.AppStore|x64.ActiveCfg = Debug|Any CPU
		{379F2C1B-E893-45DE-8EAA-2F721870269A}.AppStore|x64.Build.0 = Debug|Any CPU
		{379F2C1B-E893-45DE-8EAA-2F721870269A}.AppStore|x86.ActiveCfg = Debug|Any CPU
		{379F2C1B-E893-45DE-8EAA-2F721870269A}.AppStore|x86.Build.0 = Debug|Any CPU
		{379F2C1B-E893-45DE-8EAA-2F721870269A}.Debug|Any CPU.ActiveCfg = Debug|Any CPU
		{379F2C1B-E893-45DE-8EAA-2F721870269A}.Debug|Any CPU.Build.0 = Debug|Any CPU
		{379F2C1B-E893-45DE-8EAA-2F721870269A}.Debug|ARM.ActiveCfg = Debug|Any CPU
		{379F2C1B-E893-45DE-8EAA-2F721870269A}.Debug|ARM.Build.0 = Debug|Any CPU
		{379F2C1B-E893-45DE-8EAA-2F721870269A}.Debug|ARM64.ActiveCfg = Debug|Any CPU
		{379F2C1B-E893-45DE-8EAA-2F721870269A}.Debug|ARM64.Build.0 = Debug|Any CPU
		{379F2C1B-E893-45DE-8EAA-2F721870269A}.Debug|iPhone.ActiveCfg = Debug|Any CPU
		{379F2C1B-E893-45DE-8EAA-2F721870269A}.Debug|iPhone.Build.0 = Debug|Any CPU
		{379F2C1B-E893-45DE-8EAA-2F721870269A}.Debug|iPhoneSimulator.ActiveCfg = Debug|Any CPU
		{379F2C1B-E893-45DE-8EAA-2F721870269A}.Debug|iPhoneSimulator.Build.0 = Debug|Any CPU
		{379F2C1B-E893-45DE-8EAA-2F721870269A}.Debug|x64.ActiveCfg = Debug|Any CPU
		{379F2C1B-E893-45DE-8EAA-2F721870269A}.Debug|x64.Build.0 = Debug|Any CPU
		{379F2C1B-E893-45DE-8EAA-2F721870269A}.Debug|x86.ActiveCfg = Debug|Any CPU
		{379F2C1B-E893-45DE-8EAA-2F721870269A}.Debug|x86.Build.0 = Debug|Any CPU
		{379F2C1B-E893-45DE-8EAA-2F721870269A}.Release|Any CPU.ActiveCfg = Release|Any CPU
		{379F2C1B-E893-45DE-8EAA-2F721870269A}.Release|Any CPU.Build.0 = Release|Any CPU
		{379F2C1B-E893-45DE-8EAA-2F721870269A}.Release|ARM.ActiveCfg = Release|Any CPU
		{379F2C1B-E893-45DE-8EAA-2F721870269A}.Release|ARM.Build.0 = Release|Any CPU
		{379F2C1B-E893-45DE-8EAA-2F721870269A}.Release|ARM64.ActiveCfg = Release|Any CPU
		{379F2C1B-E893-45DE-8EAA-2F721870269A}.Release|ARM64.Build.0 = Release|Any CPU
		{379F2C1B-E893-45DE-8EAA-2F721870269A}.Release|iPhone.ActiveCfg = Release|Any CPU
		{379F2C1B-E893-45DE-8EAA-2F721870269A}.Release|iPhone.Build.0 = Release|Any CPU
		{379F2C1B-E893-45DE-8EAA-2F721870269A}.Release|iPhoneSimulator.ActiveCfg = Release|Any CPU
		{379F2C1B-E893-45DE-8EAA-2F721870269A}.Release|iPhoneSimulator.Build.0 = Release|Any CPU
		{379F2C1B-E893-45DE-8EAA-2F721870269A}.Release|x64.ActiveCfg = Release|Any CPU
		{379F2C1B-E893-45DE-8EAA-2F721870269A}.Release|x64.Build.0 = Release|Any CPU
		{379F2C1B-E893-45DE-8EAA-2F721870269A}.Release|x86.ActiveCfg = Release|Any CPU
		{379F2C1B-E893-45DE-8EAA-2F721870269A}.Release|x86.Build.0 = Release|Any CPU
		{85A51CAE-4067-4842-B718-4503CB88B72D}.Ad-Hoc|Any CPU.ActiveCfg = Debug|Any CPU
		{85A51CAE-4067-4842-B718-4503CB88B72D}.Ad-Hoc|Any CPU.Build.0 = Debug|Any CPU
		{85A51CAE-4067-4842-B718-4503CB88B72D}.Ad-Hoc|ARM.ActiveCfg = Debug|Any CPU
		{85A51CAE-4067-4842-B718-4503CB88B72D}.Ad-Hoc|ARM.Build.0 = Debug|Any CPU
		{85A51CAE-4067-4842-B718-4503CB88B72D}.Ad-Hoc|ARM64.ActiveCfg = Debug|Any CPU
		{85A51CAE-4067-4842-B718-4503CB88B72D}.Ad-Hoc|ARM64.Build.0 = Debug|Any CPU
		{85A51CAE-4067-4842-B718-4503CB88B72D}.Ad-Hoc|iPhone.ActiveCfg = Debug|Any CPU
		{85A51CAE-4067-4842-B718-4503CB88B72D}.Ad-Hoc|iPhone.Build.0 = Debug|Any CPU
		{85A51CAE-4067-4842-B718-4503CB88B72D}.Ad-Hoc|iPhoneSimulator.ActiveCfg = Debug|Any CPU
		{85A51CAE-4067-4842-B718-4503CB88B72D}.Ad-Hoc|iPhoneSimulator.Build.0 = Debug|Any CPU
		{85A51CAE-4067-4842-B718-4503CB88B72D}.Ad-Hoc|x64.ActiveCfg = Debug|Any CPU
		{85A51CAE-4067-4842-B718-4503CB88B72D}.Ad-Hoc|x64.Build.0 = Debug|Any CPU
		{85A51CAE-4067-4842-B718-4503CB88B72D}.Ad-Hoc|x86.ActiveCfg = Debug|Any CPU
		{85A51CAE-4067-4842-B718-4503CB88B72D}.Ad-Hoc|x86.Build.0 = Debug|Any CPU
		{85A51CAE-4067-4842-B718-4503CB88B72D}.AppStore|Any CPU.ActiveCfg = Debug|Any CPU
		{85A51CAE-4067-4842-B718-4503CB88B72D}.AppStore|Any CPU.Build.0 = Debug|Any CPU
		{85A51CAE-4067-4842-B718-4503CB88B72D}.AppStore|ARM.ActiveCfg = Debug|Any CPU
		{85A51CAE-4067-4842-B718-4503CB88B72D}.AppStore|ARM.Build.0 = Debug|Any CPU
		{85A51CAE-4067-4842-B718-4503CB88B72D}.AppStore|ARM64.ActiveCfg = Debug|Any CPU
		{85A51CAE-4067-4842-B718-4503CB88B72D}.AppStore|ARM64.Build.0 = Debug|Any CPU
		{85A51CAE-4067-4842-B718-4503CB88B72D}.AppStore|iPhone.ActiveCfg = Debug|Any CPU
		{85A51CAE-4067-4842-B718-4503CB88B72D}.AppStore|iPhone.Build.0 = Debug|Any CPU
		{85A51CAE-4067-4842-B718-4503CB88B72D}.AppStore|iPhoneSimulator.ActiveCfg = Debug|Any CPU
		{85A51CAE-4067-4842-B718-4503CB88B72D}.AppStore|iPhoneSimulator.Build.0 = Debug|Any CPU
		{85A51CAE-4067-4842-B718-4503CB88B72D}.AppStore|x64.ActiveCfg = Debug|Any CPU
		{85A51CAE-4067-4842-B718-4503CB88B72D}.AppStore|x64.Build.0 = Debug|Any CPU
		{85A51CAE-4067-4842-B718-4503CB88B72D}.AppStore|x86.ActiveCfg = Debug|Any CPU
		{85A51CAE-4067-4842-B718-4503CB88B72D}.AppStore|x86.Build.0 = Debug|Any CPU
		{85A51CAE-4067-4842-B718-4503CB88B72D}.Debug|Any CPU.ActiveCfg = Debug|Any CPU
		{85A51CAE-4067-4842-B718-4503CB88B72D}.Debug|Any CPU.Build.0 = Debug|Any CPU
		{85A51CAE-4067-4842-B718-4503CB88B72D}.Debug|ARM.ActiveCfg = Debug|Any CPU
		{85A51CAE-4067-4842-B718-4503CB88B72D}.Debug|ARM.Build.0 = Debug|Any CPU
		{85A51CAE-4067-4842-B718-4503CB88B72D}.Debug|ARM64.ActiveCfg = Debug|Any CPU
		{85A51CAE-4067-4842-B718-4503CB88B72D}.Debug|ARM64.Build.0 = Debug|Any CPU
		{85A51CAE-4067-4842-B718-4503CB88B72D}.Debug|iPhone.ActiveCfg = Debug|Any CPU
		{85A51CAE-4067-4842-B718-4503CB88B72D}.Debug|iPhone.Build.0 = Debug|Any CPU
		{85A51CAE-4067-4842-B718-4503CB88B72D}.Debug|iPhoneSimulator.ActiveCfg = Debug|Any CPU
		{85A51CAE-4067-4842-B718-4503CB88B72D}.Debug|iPhoneSimulator.Build.0 = Debug|Any CPU
		{85A51CAE-4067-4842-B718-4503CB88B72D}.Debug|x64.ActiveCfg = Debug|Any CPU
		{85A51CAE-4067-4842-B718-4503CB88B72D}.Debug|x64.Build.0 = Debug|Any CPU
		{85A51CAE-4067-4842-B718-4503CB88B72D}.Debug|x86.ActiveCfg = Debug|Any CPU
		{85A51CAE-4067-4842-B718-4503CB88B72D}.Debug|x86.Build.0 = Debug|Any CPU
		{85A51CAE-4067-4842-B718-4503CB88B72D}.Release|Any CPU.ActiveCfg = Release|Any CPU
		{85A51CAE-4067-4842-B718-4503CB88B72D}.Release|Any CPU.Build.0 = Release|Any CPU
		{85A51CAE-4067-4842-B718-4503CB88B72D}.Release|ARM.ActiveCfg = Release|Any CPU
		{85A51CAE-4067-4842-B718-4503CB88B72D}.Release|ARM.Build.0 = Release|Any CPU
		{85A51CAE-4067-4842-B718-4503CB88B72D}.Release|ARM64.ActiveCfg = Release|Any CPU
		{85A51CAE-4067-4842-B718-4503CB88B72D}.Release|ARM64.Build.0 = Release|Any CPU
		{85A51CAE-4067-4842-B718-4503CB88B72D}.Release|iPhone.ActiveCfg = Release|Any CPU
		{85A51CAE-4067-4842-B718-4503CB88B72D}.Release|iPhone.Build.0 = Release|Any CPU
		{85A51CAE-4067-4842-B718-4503CB88B72D}.Release|iPhoneSimulator.ActiveCfg = Release|Any CPU
		{85A51CAE-4067-4842-B718-4503CB88B72D}.Release|iPhoneSimulator.Build.0 = Release|Any CPU
		{85A51CAE-4067-4842-B718-4503CB88B72D}.Release|x64.ActiveCfg = Release|Any CPU
		{85A51CAE-4067-4842-B718-4503CB88B72D}.Release|x64.Build.0 = Release|Any CPU
		{85A51CAE-4067-4842-B718-4503CB88B72D}.Release|x86.ActiveCfg = Release|Any CPU
		{85A51CAE-4067-4842-B718-4503CB88B72D}.Release|x86.Build.0 = Release|Any CPU
		{11AC4F61-C98A-4E20-9E15-F789A5637C6D}.Ad-Hoc|Any CPU.ActiveCfg = Debug|Any CPU
		{11AC4F61-C98A-4E20-9E15-F789A5637C6D}.Ad-Hoc|Any CPU.Build.0 = Debug|Any CPU
		{11AC4F61-C98A-4E20-9E15-F789A5637C6D}.Ad-Hoc|ARM.ActiveCfg = Debug|Any CPU
		{11AC4F61-C98A-4E20-9E15-F789A5637C6D}.Ad-Hoc|ARM.Build.0 = Debug|Any CPU
		{11AC4F61-C98A-4E20-9E15-F789A5637C6D}.Ad-Hoc|ARM64.ActiveCfg = Debug|Any CPU
		{11AC4F61-C98A-4E20-9E15-F789A5637C6D}.Ad-Hoc|ARM64.Build.0 = Debug|Any CPU
		{11AC4F61-C98A-4E20-9E15-F789A5637C6D}.Ad-Hoc|iPhone.ActiveCfg = Debug|Any CPU
		{11AC4F61-C98A-4E20-9E15-F789A5637C6D}.Ad-Hoc|iPhone.Build.0 = Debug|Any CPU
		{11AC4F61-C98A-4E20-9E15-F789A5637C6D}.Ad-Hoc|iPhoneSimulator.ActiveCfg = Debug|Any CPU
		{11AC4F61-C98A-4E20-9E15-F789A5637C6D}.Ad-Hoc|iPhoneSimulator.Build.0 = Debug|Any CPU
		{11AC4F61-C98A-4E20-9E15-F789A5637C6D}.Ad-Hoc|x64.ActiveCfg = Debug|Any CPU
		{11AC4F61-C98A-4E20-9E15-F789A5637C6D}.Ad-Hoc|x64.Build.0 = Debug|Any CPU
		{11AC4F61-C98A-4E20-9E15-F789A5637C6D}.Ad-Hoc|x86.ActiveCfg = Debug|Any CPU
		{11AC4F61-C98A-4E20-9E15-F789A5637C6D}.Ad-Hoc|x86.Build.0 = Debug|Any CPU
		{11AC4F61-C98A-4E20-9E15-F789A5637C6D}.AppStore|Any CPU.ActiveCfg = Debug|Any CPU
		{11AC4F61-C98A-4E20-9E15-F789A5637C6D}.AppStore|Any CPU.Build.0 = Debug|Any CPU
		{11AC4F61-C98A-4E20-9E15-F789A5637C6D}.AppStore|ARM.ActiveCfg = Debug|Any CPU
		{11AC4F61-C98A-4E20-9E15-F789A5637C6D}.AppStore|ARM.Build.0 = Debug|Any CPU
		{11AC4F61-C98A-4E20-9E15-F789A5637C6D}.AppStore|ARM64.ActiveCfg = Debug|Any CPU
		{11AC4F61-C98A-4E20-9E15-F789A5637C6D}.AppStore|ARM64.Build.0 = Debug|Any CPU
		{11AC4F61-C98A-4E20-9E15-F789A5637C6D}.AppStore|iPhone.ActiveCfg = Debug|Any CPU
		{11AC4F61-C98A-4E20-9E15-F789A5637C6D}.AppStore|iPhone.Build.0 = Debug|Any CPU
		{11AC4F61-C98A-4E20-9E15-F789A5637C6D}.AppStore|iPhoneSimulator.ActiveCfg = Debug|Any CPU
		{11AC4F61-C98A-4E20-9E15-F789A5637C6D}.AppStore|iPhoneSimulator.Build.0 = Debug|Any CPU
		{11AC4F61-C98A-4E20-9E15-F789A5637C6D}.AppStore|x64.ActiveCfg = Debug|Any CPU
		{11AC4F61-C98A-4E20-9E15-F789A5637C6D}.AppStore|x64.Build.0 = Debug|Any CPU
		{11AC4F61-C98A-4E20-9E15-F789A5637C6D}.AppStore|x86.ActiveCfg = Debug|Any CPU
		{11AC4F61-C98A-4E20-9E15-F789A5637C6D}.AppStore|x86.Build.0 = Debug|Any CPU
		{11AC4F61-C98A-4E20-9E15-F789A5637C6D}.Debug|Any CPU.ActiveCfg = Debug|Any CPU
		{11AC4F61-C98A-4E20-9E15-F789A5637C6D}.Debug|Any CPU.Build.0 = Debug|Any CPU
		{11AC4F61-C98A-4E20-9E15-F789A5637C6D}.Debug|ARM.ActiveCfg = Debug|Any CPU
		{11AC4F61-C98A-4E20-9E15-F789A5637C6D}.Debug|ARM.Build.0 = Debug|Any CPU
		{11AC4F61-C98A-4E20-9E15-F789A5637C6D}.Debug|ARM64.ActiveCfg = Debug|Any CPU
		{11AC4F61-C98A-4E20-9E15-F789A5637C6D}.Debug|ARM64.Build.0 = Debug|Any CPU
		{11AC4F61-C98A-4E20-9E15-F789A5637C6D}.Debug|iPhone.ActiveCfg = Debug|Any CPU
		{11AC4F61-C98A-4E20-9E15-F789A5637C6D}.Debug|iPhone.Build.0 = Debug|Any CPU
		{11AC4F61-C98A-4E20-9E15-F789A5637C6D}.Debug|iPhoneSimulator.ActiveCfg = Debug|Any CPU
		{11AC4F61-C98A-4E20-9E15-F789A5637C6D}.Debug|iPhoneSimulator.Build.0 = Debug|Any CPU
		{11AC4F61-C98A-4E20-9E15-F789A5637C6D}.Debug|x64.ActiveCfg = Debug|Any CPU
		{11AC4F61-C98A-4E20-9E15-F789A5637C6D}.Debug|x64.Build.0 = Debug|Any CPU
		{11AC4F61-C98A-4E20-9E15-F789A5637C6D}.Debug|x86.ActiveCfg = Debug|Any CPU
		{11AC4F61-C98A-4E20-9E15-F789A5637C6D}.Debug|x86.Build.0 = Debug|Any CPU
		{11AC4F61-C98A-4E20-9E15-F789A5637C6D}.Release|Any CPU.ActiveCfg = Release|Any CPU
		{11AC4F61-C98A-4E20-9E15-F789A5637C6D}.Release|Any CPU.Build.0 = Release|Any CPU
		{11AC4F61-C98A-4E20-9E15-F789A5637C6D}.Release|ARM.ActiveCfg = Release|Any CPU
		{11AC4F61-C98A-4E20-9E15-F789A5637C6D}.Release|ARM.Build.0 = Release|Any CPU
		{11AC4F61-C98A-4E20-9E15-F789A5637C6D}.Release|ARM64.ActiveCfg = Release|Any CPU
		{11AC4F61-C98A-4E20-9E15-F789A5637C6D}.Release|ARM64.Build.0 = Release|Any CPU
		{11AC4F61-C98A-4E20-9E15-F789A5637C6D}.Release|iPhone.ActiveCfg = Release|Any CPU
		{11AC4F61-C98A-4E20-9E15-F789A5637C6D}.Release|iPhone.Build.0 = Release|Any CPU
		{11AC4F61-C98A-4E20-9E15-F789A5637C6D}.Release|iPhoneSimulator.ActiveCfg = Release|Any CPU
		{11AC4F61-C98A-4E20-9E15-F789A5637C6D}.Release|iPhoneSimulator.Build.0 = Release|Any CPU
		{11AC4F61-C98A-4E20-9E15-F789A5637C6D}.Release|x64.ActiveCfg = Release|Any CPU
		{11AC4F61-C98A-4E20-9E15-F789A5637C6D}.Release|x64.Build.0 = Release|Any CPU
		{11AC4F61-C98A-4E20-9E15-F789A5637C6D}.Release|x86.ActiveCfg = Release|Any CPU
		{11AC4F61-C98A-4E20-9E15-F789A5637C6D}.Release|x86.Build.0 = Release|Any CPU
	EndGlobalSection
	GlobalSection(SolutionProperties) = preSolution
		HideSolutionNode = FALSE
	EndGlobalSection
	GlobalSection(NestedProjects) = preSolution
		{51FE2C84-E50A-44F2-9F09-A28211FCD4DB} = {FC32D6C2-7A78-4327-8FA9-502A6E7309A4}
		{4A84565C-60C6-43EF-82DC-41379A116722} = {FC32D6C2-7A78-4327-8FA9-502A6E7309A4}
		{5662D15C-E2F6-415C-B182-17332951613B} = {FC32D6C2-7A78-4327-8FA9-502A6E7309A4}
		{843B0465-E285-421D-A554-5CA31A00F41D} = {FC32D6C2-7A78-4327-8FA9-502A6E7309A4}
		{8FDC492F-E693-4374-8463-25BC86527D0F} = {FC32D6C2-7A78-4327-8FA9-502A6E7309A4}
		{D0E5374B-CD12-4603-A8F7-6AA50FCA67ED} = {FC32D6C2-7A78-4327-8FA9-502A6E7309A4}
		{379F2C1B-E893-45DE-8EAA-2F721870269A} = {FC32D6C2-7A78-4327-8FA9-502A6E7309A4}
		{85A51CAE-4067-4842-B718-4503CB88B72D} = {FC32D6C2-7A78-4327-8FA9-502A6E7309A4}
		{11AC4F61-C98A-4E20-9E15-F789A5637C6D} = {FC32D6C2-7A78-4327-8FA9-502A6E7309A4}
	EndGlobalSection
	GlobalSection(ExtensibilityGlobals) = postSolution
		SolutionGuid = {ACB7ECE2-5401-4086-B51A-CE49619C561F}
	EndGlobalSection
EndGlobal
